github.com/google/uuid v1.1.2 h1:EVhdT+1Kseyi1/pUmXKaFxYsDNy9RQYkMWRH68J/W7Y=
github.com/google/uuid v1.1.2/go.mod h1:TIyPZe4MgqvfeYDBFedMoGGpEw/LqOeaOT+nhxU+yHo=
github.com/subchen/go-cli v1.4.7 h1:Uw+7/5AlhAzXLLw1yO8C9vKo0OM8ajKQ1hg+3+XBTQA=
github.com/subchen/go-cli v2.0.3+incompatible h1:tYs2M2yt24nbNaGMeeSiTkajAen0vALVualScLJ5Qdc=
github.com/subchen/go-cli v2.0.3+incompatible/go.mod h1:XgWUJcEvZzeSp62+RgNZe61w19G/xIBVuQY9u2qpXmk=
